
Microsoft Visual Studio Solution File, Format Version 12.00
# Visual Studio Version 16
VisualStudioVersion = 16.0.28803.352
MinimumVisualStudioVersion = 10.0.40219.1
Project("{2150E333-8FDC-42A3-9474-1A3956D46DE8}") = "Solution Items", "Solution Items", "{F316174B-045B-4DC0-9097-8CE746A8BBB0}"
	ProjectSection(SolutionItems) = preProject
		.editorconfig = .editorconfig
		.gitattributes = .gitattributes
		.gitignore = .gitignore
		appveyor.yml = appveyor.yml
		azure-pipelines.yml = azure-pipelines.yml
		build.cake = build.cake
		MinimumRecommendedRulesWithStyleCop.ruleset = MinimumRecommendedRulesWithStyleCop.ruleset
	EndProjectSection
EndProject
Project("{2150E333-8FDC-42A3-9474-1A3956D46DE8}") = "Source", "Source", "{D37BD4B2-A87B-4FA1-A1E0-01F1CAD19F0D}"
EndProject
Project("{2150E333-8FDC-42A3-9474-1A3956D46DE8}") = "Tests", "Tests", "{6F3F861E-CB16-49D3-91E6-FAF548BA4D0A}"
EndProject
Project("{9A19103F-16F7-4668-BE54-9A1E7A4F7556}") = "Boxed.AspNetCore", "Source\Boxed.AspNetCore\Boxed.AspNetCore.csproj", "{FFF80C4B-A5F0-410C-8F16-CBBE21F14DD5}"
EndProject
Project("{9A19103F-16F7-4668-BE54-9A1E7A4F7556}") = "Boxed.AspNetCore.TagHelpers", "Source\Boxed.AspNetCore.TagHelpers\Boxed.AspNetCore.TagHelpers.csproj", "{EE9EDF54-81FE-455B-BC4B-D435B08E25A8}"
EndProject
Project("{9A19103F-16F7-4668-BE54-9A1E7A4F7556}") = "Boxed.AspNetCore.Test", "Tests\Boxed.AspNetCore.Test\Boxed.AspNetCore.Test.csproj", "{0CDB5E52-B7A1-4CB9-BAD1-F4E68A391B93}"
EndProject
Project("{9A19103F-16F7-4668-BE54-9A1E7A4F7556}") = "Boxed.AspNetCore.TagHelpers.Test", "Tests\Boxed.AspNetCore.TagHelpers.Test\Boxed.AspNetCore.TagHelpers.Test.csproj", "{DF19E131-3E30-40F6-A5B2-1E0EDB75DC00}"
EndProject
Project("{9A19103F-16F7-4668-BE54-9A1E7A4F7556}") = "Boxed.AspNetCore.Swagger", "Source\Boxed.AspNetCore.Swagger\Boxed.AspNetCore.Swagger.csproj", "{503A5A5C-6AA2-4890-B7C0-0E53F0E63CF7}"
EndProject
Project("{9A19103F-16F7-4668-BE54-9A1E7A4F7556}") = "Boxed.AspNetCore.Swagger.Test", "Tests\Boxed.AspNetCore.Swagger.Test\Boxed.AspNetCore.Swagger.Test.csproj", "{FB1DACF8-4475-4266-B303-682A186E912C}"
EndProject
Project("{2150E333-8FDC-42A3-9474-1A3956D46DE8}") = "Documentation", "Documentation", "{DC7FDD72-F9C9-42E9-90CC-468BDD9A5CC2}"
	ProjectSection(SolutionItems) = preProject
		LICENSE.md = LICENSE.md
		README.md = README.md
	EndProjectSection
EndProject
Project("{9A19103F-16F7-4668-BE54-9A1E7A4F7556}") = "Boxed.Mapping", "Source\Boxed.Mapping\Boxed.Mapping.csproj", "{DFEBAFE9-A7BE-4974-B619-3B0CAAA55460}"
EndProject
Project("{9A19103F-16F7-4668-BE54-9A1E7A4F7556}") = "Boxed.Mapping.Test", "Tests\Boxed.Mapping.Test\Boxed.Mapping.Test.csproj", "{B03DDD55-8A3B-4B28-AE9F-9197F098664D}"
EndProject
Project("{2150E333-8FDC-42A3-9474-1A3956D46DE8}") = "Benchmarks", "Benchmarks", "{D941A0C1-E1B6-45CF-AB7A-E1C724385404}"
EndProject
Project("{9A19103F-16F7-4668-BE54-9A1E7A4F7556}") = "Boxed.Mapping.Benchmark", "Benchmarks\Boxed.Mapping.Benchmark\Boxed.Mapping.Benchmark.csproj", "{D4893F37-7C6F-4E16-B587-F48B4C5F73DC}"
EndProject
Project("{9A19103F-16F7-4668-BE54-9A1E7A4F7556}") = "Boxed.DotnetNewTest", "Source\Boxed.DotnetNewTest\Boxed.DotnetNewTest.csproj", "{1E0E624E-9291-4F6A-B68F-2E5FA178B6CF}"
EndProject
Project("{2150E333-8FDC-42A3-9474-1A3956D46DE8}") = "ISSUE_TEMPLATE", "ISSUE_TEMPLATE", "{6F3D02D8-3C62-4E52-9E75-6C0AA69DDD1B}"
	ProjectSection(SolutionItems) = preProject
		.github\ISSUE_TEMPLATE\BUG_REPORT.md = .github\ISSUE_TEMPLATE\BUG_REPORT.md
		.github\ISSUE_TEMPLATE\FEATURE_REQUEST.md = .github\ISSUE_TEMPLATE\FEATURE_REQUEST.md
		.github\ISSUE_TEMPLATE\QUESTION.md = .github\ISSUE_TEMPLATE\QUESTION.md
	EndProjectSection
EndProject
Project("{2150E333-8FDC-42A3-9474-1A3956D46DE8}") = ".github", ".github", "{0AC34385-AACA-424C-9F53-089FA4803330}"
	ProjectSection(SolutionItems) = preProject
		.github\CODE_OF_CONDUCT.md = .github\CODE_OF_CONDUCT.md
		.github\CONTRIBUTING.md = .github\CONTRIBUTING.md
		.github\FUNDING.yml = .github\FUNDING.yml
		.github\PULL_REQUEST_TEMPLATE.md = .github\PULL_REQUEST_TEMPLATE.md
		.github\SECURITY.md = .github\SECURITY.md
	EndProjectSection
EndProject
Global
	GlobalSection(SolutionConfigurationPlatforms) = preSolution
		Debug|Any CPU = Debug|Any CPU
		Release|Any CPU = Release|Any CPU
	EndGlobalSection
	GlobalSection(ProjectConfigurationPlatforms) = postSolution
		{FFF80C4B-A5F0-410C-8F16-CBBE21F14DD5}.Debug|Any CPU.ActiveCfg = Debug|Any CPU
		{FFF80C4B-A5F0-410C-8F16-CBBE21F14DD5}.Debug|Any CPU.Build.0 = Debug|Any CPU
		{FFF80C4B-A5F0-410C-8F16-CBBE21F14DD5}.Release|Any CPU.ActiveCfg = Release|Any CPU
		{FFF80C4B-A5F0-410C-8F16-CBBE21F14DD5}.Release|Any CPU.Build.0 = Release|Any CPU
		{EE9EDF54-81FE-455B-BC4B-D435B08E25A8}.Debug|Any CPU.ActiveCfg = Debug|Any CPU
		{EE9EDF54-81FE-455B-BC4B-D435B08E25A8}.Debug|Any CPU.Build.0 = Debug|Any CPU
		{EE9EDF54-81FE-455B-BC4B-D435B08E25A8}.Release|Any CPU.ActiveCfg = Release|Any CPU
		{EE9EDF54-81FE-455B-BC4B-D435B08E25A8}.Release|Any CPU.Build.0 = Release|Any CPU
		{0CDB5E52-B7A1-4CB9-BAD1-F4E68A391B93}.Debug|Any CPU.ActiveCfg = Debug|Any CPU
		{0CDB5E52-B7A1-4CB9-BAD1-F4E68A391B93}.Debug|Any CPU.Build.0 = Debug|Any CPU
		{0CDB5E52-B7A1-4CB9-BAD1-F4E68A391B93}.Release|Any CPU.ActiveCfg = Release|Any CPU
		{0CDB5E52-B7A1-4CB9-BAD1-F4E68A391B93}.Release|Any CPU.Build.0 = Release|Any CPU
		{DF19E131-3E30-40F6-A5B2-1E0EDB75DC00}.Debug|Any CPU.ActiveCfg = Debug|Any CPU
		{DF19E131-3E30-40F6-A5B2-1E0EDB75DC00}.Debug|Any CPU.Build.0 = Debug|Any CPU
		{DF19E131-3E30-40F6-A5B2-1E0EDB75DC00}.Release|Any CPU.ActiveCfg = Release|Any CPU
		{DF19E131-3E30-40F6-A5B2-1E0EDB75DC00}.Release|Any CPU.Build.0 = Release|Any CPU
		{503A5A5C-6AA2-4890-B7C0-0E53F0E63CF7}.Debug|Any CPU.ActiveCfg = Debug|Any CPU
		{503A5A5C-6AA2-4890-B7C0-0E53F0E63CF7}.Debug|Any CPU.Build.0 = Debug|Any CPU
		{503A5A5C-6AA2-4890-B7C0-0E53F0E63CF7}.Release|Any CPU.ActiveCfg = Release|Any CPU
		{503A5A5C-6AA2-4890-B7C0-0E53F0E63CF7}.Release|Any CPU.Build.0 = Release|Any CPU
		{FB1DACF8-4475-4266-B303-682A186E912C}.Debug|Any CPU.ActiveCfg = Debug|Any CPU
		{FB1DACF8-4475-4266-B303-682A186E912C}.Debug|Any CPU.Build.0 = Debug|Any CPU
		{FB1DACF8-4475-4266-B303-682A186E912C}.Release|Any CPU.ActiveCfg = Release|Any CPU
		{FB1DACF8-4475-4266-B303-682A186E912C}.Release|Any CPU.Build.0 = Release|Any CPU
		{DFEBAFE9-A7BE-4974-B619-3B0CAAA55460}.Debug|Any CPU.ActiveCfg = Debug|Any CPU
		{DFEBAFE9-A7BE-4974-B619-3B0CAAA55460}.Debug|Any CPU.Build.0 = Debug|Any CPU
		{DFEBAFE9-A7BE-4974-B619-3B0CAAA55460}.Release|Any CPU.ActiveCfg = Release|Any CPU
		{DFEBAFE9-A7BE-4974-B619-3B0CAAA55460}.Release|Any CPU.Build.0 = Release|Any CPU
		{B03DDD55-8A3B-4B28-AE9F-9197F098664D}.Debug|Any CPU.ActiveCfg = Debug|Any CPU
		{B03DDD55-8A3B-4B28-AE9F-9197F098664D}.Debug|Any CPU.Build.0 = Debug|Any CPU
		{B03DDD55-8A3B-4B28-AE9F-9197F098664D}.Release|Any CPU.ActiveCfg = Release|Any CPU
		{B03DDD55-8A3B-4B28-AE9F-9197F098664D}.Release|Any CPU.Build.0 = Release|Any CPU
		{D4893F37-7C6F-4E16-B587-F48B4C5F73DC}.Debug|Any CPU.ActiveCfg = Debug|Any CPU
		{D4893F37-7C6F-4E16-B587-F48B4C5F73DC}.Debug|Any CPU.Build.0 = Debug|Any CPU
		{D4893F37-7C6F-4E16-B587-F48B4C5F73DC}.Release|Any CPU.ActiveCfg = Release|Any CPU
		{D4893F37-7C6F-4E16-B587-F48B4C5F73DC}.Release|Any CPU.Build.0 = Release|Any CPU
		{1E0E624E-9291-4F6A-B68F-2E5FA178B6CF}.Debug|Any CPU.ActiveCfg = Debug|Any CPU
		{1E0E624E-9291-4F6A-B68F-2E5FA178B6CF}.Debug|Any CPU.Build.0 = Debug|Any CPU
		{1E0E624E-9291-4F6A-B68F-2E5FA178B6CF}.Release|Any CPU.ActiveCfg = Release|Any CPU
		{1E0E624E-9291-4F6A-B68F-2E5FA178B6CF}.Release|Any CPU.Build.0 = Release|Any CPU
	EndGlobalSection
	GlobalSection(SolutionProperties) = preSolution
		HideSolutionNode = FALSE
	EndGlobalSection
	GlobalSection(NestedProjects) = preSolution
		{FFF80C4B-A5F0-410C-8F16-CBBE21F14DD5} = {D37BD4B2-A87B-4FA1-A1E0-01F1CAD19F0D}
		{EE9EDF54-81FE-455B-BC4B-D435B08E25A8} = {D37BD4B2-A87B-4FA1-A1E0-01F1CAD19F0D}
		{0CDB5E52-B7A1-4CB9-BAD1-F4E68A391B93} = {6F3F861E-CB16-49D3-91E6-FAF548BA4D0A}
		{DF19E131-3E30-40F6-A5B2-1E0EDB75DC00} = {6F3F861E-CB16-49D3-91E6-FAF548BA4D0A}
		{503A5A5C-6AA2-4890-B7C0-0E53F0E63CF7} = {D37BD4B2-A87B-4FA1-A1E0-01F1CAD19F0D}
		{FB1DACF8-4475-4266-B303-682A186E912C} = {6F3F861E-CB16-49D3-91E6-FAF548BA4D0A}
		{DFEBAFE9-A7BE-4974-B619-3B0CAAA55460} = {D37BD4B2-A87B-4FA1-A1E0-01F1CAD19F0D}
		{B03DDD55-8A3B-4B28-AE9F-9197F098664D} = {6F3F861E-CB16-49D3-91E6-FAF548BA4D0A}
		{D4893F37-7C6F-4E16-B587-F48B4C5F73DC} = {D941A0C1-E1B6-45CF-AB7A-E1C724385404}
		{1E0E624E-9291-4F6A-B68F-2E5FA178B6CF} = {D37BD4B2-A87B-4FA1-A1E0-01F1CAD19F0D}
		{6F3D02D8-3C62-4E52-9E75-6C0AA69DDD1B} = {0AC34385-AACA-424C-9F53-089FA4803330}
		{0AC34385-AACA-424C-9F53-089FA4803330} = {DC7FDD72-F9C9-42E9-90CC-468BDD9A5CC2}
	EndGlobalSection
	GlobalSection(ExtensibilityGlobals) = postSolution
		SolutionGuid = {3BCEA536-0EA4-4EC0-B121-7B83926F8514}
	EndGlobalSection
EndGlobal
